
Microsoft Visual Studio Solution File, Format Version 12.00
# Visual Studio Version 17
VisualStudioVersion = 17.11.35208.52
MinimumVisualStudioVersion = 10.0.40219.1
Project("{9A19103F-16F7-4668-BE54-9A1E7A4F7556}") = "WPFStopwatchTimer", "WPFStopwatchTimer.csproj", "{1D247D45-AB05-4C48-A963-0E280B07AEF4}"
EndProject
Global
	GlobalSection(SolutionConfigurationPlatforms) = preSolution
		Debug|Any CPU = Debug|Any CPU
		Release|Any CPU = Release|Any CPU
	EndGlobalSection
	GlobalSection(ProjectConfigurationPlatforms) = postSolution
		{1D247D45-AB05-4C48-A963-0E280B07AEF4}.Debug|Any CPU.ActiveCfg = Debug|Any CPU
		{1D247D45-AB05-4C48-A963-0E280B07AEF4}.Debug|Any CPU.Build.0 = Debug|Any CPU
		{1D247D45-AB05-4C48-A963-0E280B07AEF4}.Release|Any CPU.ActiveCfg = Release|Any CPU
		{1D247D45-AB05-4C48-A963-0E280B07AEF4}.Release|Any CPU.Build.0 = Release|Any CPU
	EndGlobalSection
	GlobalSection(SolutionProperties) = preSolution
		HideSolutionNode = FALSE
	EndGlobalSection
	GlobalSection(ExtensibilityGlobals) = postSolution
		SolutionGuid = {95F6F6AE-940C-4D97-AB56-0B41571944AE}
	EndGlobalSection
EndGlobal
